// !$*UTF8*$!
{
	archiveVersion = 1;
	classes = {
	};
	objectVersion = 50;
	objects = {

/* Begin PBXBuildFile section */
		352169C32352EE12002F42A7 /* AppDelegate.swift in Sources */ = {isa = PBXBuildFile; fileRef = 352169C22352EE12002F42A7 /* AppDelegate.swift */; };
		352169C52352EE12002F42A7 /* SceneDelegate.swift in Sources */ = {isa = PBXBuildFile; fileRef = 352169C42352EE12002F42A7 /* SceneDelegate.swift */; };
		352169C72352EE12002F42A7 /* ContentView.swift in Sources */ = {isa = PBXBuildFile; fileRef = 352169C62352EE12002F42A7 /* ContentView.swift */; };
		352169C92352EE12002F42A7 /* Assets.xcassets in Resources */ = {isa = PBXBuildFile; fileRef = 352169C82352EE12002F42A7 /* Assets.xcassets */; };
		352169CC2352EE12002F42A7 /* Preview Assets.xcassets in Resources */ = {isa = PBXBuildFile; fileRef = 352169CB2352EE12002F42A7 /* Preview Assets.xcassets */; };
		352169CF2352EE12002F42A7 /* LaunchScreen.storyboard in Resources */ = {isa = PBXBuildFile; fileRef = 352169CD2352EE12002F42A7 /* LaunchScreen.storyboard */; };
		352169DA2352EE12002F42A7 /* OhTronaldTests.swift in Sources */ = {isa = PBXBuildFile; fileRef = 352169D92352EE12002F42A7 /* OhTronaldTests.swift */; };
		352169E52352EE12002F42A7 /* OhTronaldUITests.swift in Sources */ = {isa = PBXBuildFile; fileRef = 352169E42352EE12002F42A7 /* OhTronaldUITests.swift */; };
		352169F52352F06F002F42A7 /* ModelsStakeholder.swift in Sources */ = {isa = PBXBuildFile; fileRef = 352169F42352F06F002F42A7 /* ModelsStakeholder.swift */; };
		352169F723531507002F42A7 /* TestMap.swift in Sources */ = {isa = PBXBuildFile; fileRef = 352169F623531507002F42A7 /* TestMap.swift */; };
		352169F923531D10002F42A7 /* Avatar.swift in Sources */ = {isa = PBXBuildFile; fileRef = 352169F823531D10002F42A7 /* Avatar.swift */; };
		352169FE23537A7F002F42A7 /* TagRow.swift in Sources */ = {isa = PBXBuildFile; fileRef = 352169FD23537A7F002F42A7 /* TagRow.swift */; };
		35216A0023537EBD002F42A7 /* QuoteRow.swift in Sources */ = {isa = PBXBuildFile; fileRef = 352169FF23537EBD002F42A7 /* QuoteRow.swift */; };
		35216A0223537F8E002F42A7 /* Tag.swift in Sources */ = {isa = PBXBuildFile; fileRef = 35216A0123537F8E002F42A7 /* Tag.swift */; };
		35216A0423537F9A002F42A7 /* Quote.swift in Sources */ = {isa = PBXBuildFile; fileRef = 35216A0323537F9A002F42A7 /* Quote.swift */; };
		35216A0A23538661002F42A7 /* QuotesList.swift in Sources */ = {isa = PBXBuildFile; fileRef = 35216A0923538661002F42A7 /* QuotesList.swift */; };
		35216A0E23538CA8002F42A7 /* TagsList.swift in Sources */ = {isa = PBXBuildFile; fileRef = 35216A0D23538CA8002F42A7 /* TagsList.swift */; };
		3557D9242354DB150002305F /* RootView.swift in Sources */ = {isa = PBXBuildFile; fileRef = 3557D9232354DB150002305F /* RootView.swift */; };
		3557D9262354DEB90002305F /* TagsHorizontalRow.swift in Sources */ = {isa = PBXBuildFile; fileRef = 3557D9252354DEB90002305F /* TagsHorizontalRow.swift */; };
		3557D92A2354EEFA0002305F /* tags.json in Resources */ = {isa = PBXBuildFile; fileRef = 3557D9282354EEFA0002305F /* tags.json */; };
		3557D92B2354EEFA0002305F /* quotes.json in Resources */ = {isa = PBXBuildFile; fileRef = 3557D9292354EEFA0002305F /* quotes.json */; };
		3557D92D2354EF2E0002305F /* NetworkLayerTest.swift in Sources */ = {isa = PBXBuildFile; fileRef = 3557D92C2354EF2E0002305F /* NetworkLayerTest.swift */; };
		3557D9312354EFC10002305F /* NetworkManager.swift in Sources */ = {isa = PBXBuildFile; fileRef = 3557D9302354EFC10002305F /* NetworkManager.swift */; };
		3557D9342354EFFB0002305F /* NetworkService.swift in Sources */ = {isa = PBXBuildFile; fileRef = 3557D9332354EFFB0002305F /* NetworkService.swift */; };
		3557D9362354F01B0002305F /* ApiRequest.swift in Sources */ = {isa = PBXBuildFile; fileRef = 3557D9352354F01B0002305F /* ApiRequest.swift */; };
		3557D9382354F0440002305F /* NetworkServiceError.swift in Sources */ = {isa = PBXBuildFile; fileRef = 3557D9372354F0440002305F /* NetworkServiceError.swift */; };
/* End PBXBuildFile section */

/* Begin PBXContainerItemProxy section */
		352169D62352EE12002F42A7 /* PBXContainerItemProxy */ = {
			isa = PBXContainerItemProxy;
			containerPortal = 352169B72352EE12002F42A7 /* Project object */;
			proxyType = 1;
			remoteGlobalIDString = 352169BE2352EE12002F42A7;
			remoteInfo = OhTronald;
		};
		352169E12352EE12002F42A7 /* PBXContainerItemProxy */ = {
			isa = PBXContainerItemProxy;
			containerPortal = 352169B72352EE12002F42A7 /* Project object */;
			proxyType = 1;
			remoteGlobalIDString = 352169BE2352EE12002F42A7;
			remoteInfo = OhTronald;
		};
/* End PBXContainerItemProxy section */

/* Begin PBXFileReference section */
		352169BF2352EE12002F42A7 /* OhTronald.app */ = {isa = PBXFileReference; explicitFileType = wrapper.application; includeInIndex = 0; path = OhTronald.app; sourceTree = BUILT_PRODUCTS_DIR; };
		352169C22352EE12002F42A7 /* AppDelegate.swift */ = {isa = PBXFileReference; lastKnownFileType = sourcecode.swift; path = AppDelegate.swift; sourceTree = "<group>"; };
		352169C42352EE12002F42A7 /* SceneDelegate.swift */ = {isa = PBXFileReference; lastKnownFileType = sourcecode.swift; path = SceneDelegate.swift; sourceTree = "<group>"; };
		352169C62352EE12002F42A7 /* ContentView.swift */ = {isa = PBXFileReference; lastKnownFileType = sourcecode.swift; path = ContentView.swift; sourceTree = "<group>"; };
		352169C82352EE12002F42A7 /* Assets.xcassets */ = {isa = PBXFileReference; lastKnownFileType = folder.assetcatalog; path = Assets.xcassets; sourceTree = "<group>"; };
		352169CB2352EE12002F42A7 /* Preview Assets.xcassets */ = {isa = PBXFileReference; lastKnownFileType = folder.assetcatalog; path = "Preview Assets.xcassets"; sourceTree = "<group>"; };
		352169CE2352EE12002F42A7 /* Base */ = {isa = PBXFileReference; lastKnownFileType = file.storyboard; name = Base; path = Base.lproj/LaunchScreen.storyboard; sourceTree = "<group>"; };
		352169D02352EE12002F42A7 /* Info.plist */ = {isa = PBXFileReference; lastKnownFileType = text.plist.xml; path = Info.plist; sourceTree = "<group>"; };
		352169D52352EE12002F42A7 /* OhTronaldTests.xctest */ = {isa = PBXFileReference; explicitFileType = wrapper.cfbundle; includeInIndex = 0; path = OhTronaldTests.xctest; sourceTree = BUILT_PRODUCTS_DIR; };
		352169D92352EE12002F42A7 /* OhTronaldTests.swift */ = {isa = PBXFileReference; lastKnownFileType = sourcecode.swift; path = OhTronaldTests.swift; sourceTree = "<group>"; };
		352169DB2352EE12002F42A7 /* Info.plist */ = {isa = PBXFileReference; lastKnownFileType = text.plist.xml; path = Info.plist; sourceTree = "<group>"; };
		352169E02352EE12002F42A7 /* OhTronaldUITests.xctest */ = {isa = PBXFileReference; explicitFileType = wrapper.cfbundle; includeInIndex = 0; path = OhTronaldUITests.xctest; sourceTree = BUILT_PRODUCTS_DIR; };
		352169E42352EE12002F42A7 /* OhTronaldUITests.swift */ = {isa = PBXFileReference; lastKnownFileType = sourcecode.swift; path = OhTronaldUITests.swift; sourceTree = "<group>"; };
		352169E62352EE12002F42A7 /* Info.plist */ = {isa = PBXFileReference; lastKnownFileType = text.plist.xml; path = Info.plist; sourceTree = "<group>"; };
		352169F42352F06F002F42A7 /* ModelsStakeholder.swift */ = {isa = PBXFileReference; lastKnownFileType = sourcecode.swift; path = ModelsStakeholder.swift; sourceTree = "<group>"; };
		352169F623531507002F42A7 /* TestMap.swift */ = {isa = PBXFileReference; lastKnownFileType = sourcecode.swift; path = TestMap.swift; sourceTree = "<group>"; };
		352169F823531D10002F42A7 /* Avatar.swift */ = {isa = PBXFileReference; lastKnownFileType = sourcecode.swift; path = Avatar.swift; sourceTree = "<group>"; };
		352169FD23537A7F002F42A7 /* TagRow.swift */ = {isa = PBXFileReference; lastKnownFileType = sourcecode.swift; path = TagRow.swift; sourceTree = "<group>"; };
		352169FF23537EBD002F42A7 /* QuoteRow.swift */ = {isa = PBXFileReference; lastKnownFileType = sourcecode.swift; path = QuoteRow.swift; sourceTree = "<group>"; };
		35216A0123537F8E002F42A7 /* Tag.swift */ = {isa = PBXFileReference; lastKnownFileType = sourcecode.swift; path = Tag.swift; sourceTree = "<group>"; };
		35216A0323537F9A002F42A7 /* Quote.swift */ = {isa = PBXFileReference; lastKnownFileType = sourcecode.swift; path = Quote.swift; sourceTree = "<group>"; };
		35216A0923538661002F42A7 /* QuotesList.swift */ = {isa = PBXFileReference; lastKnownFileType = sourcecode.swift; path = QuotesList.swift; sourceTree = "<group>"; };
		35216A0D23538CA8002F42A7 /* TagsList.swift */ = {isa = PBXFileReference; lastKnownFileType = sourcecode.swift; path = TagsList.swift; sourceTree = "<group>"; };
		3557D9232354DB150002305F /* RootView.swift */ = {isa = PBXFileReference; lastKnownFileType = sourcecode.swift; path = RootView.swift; sourceTree = "<group>"; };
		3557D9252354DEB90002305F /* TagsHorizontalRow.swift */ = {isa = PBXFileReference; lastKnownFileType = sourcecode.swift; path = TagsHorizontalRow.swift; sourceTree = "<group>"; };
		3557D9282354EEFA0002305F /* tags.json */ = {isa = PBXFileReference; fileEncoding = 4; lastKnownFileType = text.json; path = tags.json; sourceTree = "<group>"; };
		3557D9292354EEFA0002305F /* quotes.json */ = {isa = PBXFileReference; fileEncoding = 4; lastKnownFileType = text.json; path = quotes.json; sourceTree = "<group>"; };
		3557D92C2354EF2E0002305F /* NetworkLayerTest.swift */ = {isa = PBXFileReference; lastKnownFileType = sourcecode.swift; path = NetworkLayerTest.swift; sourceTree = "<group>"; };
		3557D9302354EFC10002305F /* NetworkManager.swift */ = {isa = PBXFileReference; lastKnownFileType = sourcecode.swift; path = NetworkManager.swift; sourceTree = "<group>"; };
		3557D9332354EFFB0002305F /* NetworkService.swift */ = {isa = PBXFileReference; lastKnownFileType = sourcecode.swift; path = NetworkService.swift; sourceTree = "<group>"; };
		3557D9352354F01B0002305F /* ApiRequest.swift */ = {isa = PBXFileReference; lastKnownFileType = sourcecode.swift; path = ApiRequest.swift; sourceTree = "<group>"; };
		3557D9372354F0440002305F /* NetworkServiceError.swift */ = {isa = PBXFileReference; lastKnownFileType = sourcecode.swift; path = NetworkServiceError.swift; sourceTree = "<group>"; };
/* End PBXFileReference section */

/* Begin PBXFrameworksBuildPhase section */
		352169BC2352EE12002F42A7 /* Frameworks */ = {
			isa = PBXFrameworksBuildPhase;
			buildActionMask = 2147483647;
			files = (
			);
			runOnlyForDeploymentPostprocessing = 0;
		};
		352169D22352EE12002F42A7 /* Frameworks */ = {
			isa = PBXFrameworksBuildPhase;
			buildActionMask = 2147483647;
			files = (
			);
			runOnlyForDeploymentPostprocessing = 0;
		};
		352169DD2352EE12002F42A7 /* Frameworks */ = {
			isa = PBXFrameworksBuildPhase;
			buildActionMask = 2147483647;
			files = (
			);
			runOnlyForDeploymentPostprocessing = 0;
		};
/* End PBXFrameworksBuildPhase section */

/* Begin PBXGroup section */
		352169B62352EE12002F42A7 = {
			isa = PBXGroup;
			children = (
				352169C12352EE12002F42A7 /* OhTronald */,
				352169D82352EE12002F42A7 /* OhTronaldTests */,
				352169E32352EE12002F42A7 /* OhTronaldUITests */,
				352169C02352EE12002F42A7 /* Products */,
			);
			sourceTree = "<group>";
		};
		352169C02352EE12002F42A7 /* Products */ = {
			isa = PBXGroup;
			children = (
				352169BF2352EE12002F42A7 /* OhTronald.app */,
				352169D52352EE12002F42A7 /* OhTronaldTests.xctest */,
				352169E02352EE12002F42A7 /* OhTronaldUITests.xctest */,
			);
			name = Products;
			sourceTree = "<group>";
		};
		352169C12352EE12002F42A7 /* OhTronald */ = {
			isa = PBXGroup;
			children = (
				3557D92E2354EF960002305F /* Services */,
				352169FC23537A6F002F42A7 /* Views */,
				352169C22352EE12002F42A7 /* AppDelegate.swift */,
				352169C42352EE12002F42A7 /* SceneDelegate.swift */,
				352169C62352EE12002F42A7 /* ContentView.swift */,
				352169F623531507002F42A7 /* TestMap.swift */,
				352169C82352EE12002F42A7 /* Assets.xcassets */,
				352169CD2352EE12002F42A7 /* LaunchScreen.storyboard */,
				352169D02352EE12002F42A7 /* Info.plist */,
				352169F32352F01B002F42A7 /* Models */,
				352169F22352F011002F42A7 /* App */,
				352169CA2352EE12002F42A7 /* Preview Content */,
				352169F823531D10002F42A7 /* Avatar.swift */,
			);
			path = OhTronald;
			sourceTree = "<group>";
		};
		352169CA2352EE12002F42A7 /* Preview Content */ = {
			isa = PBXGroup;
			children = (
				352169CB2352EE12002F42A7 /* Preview Assets.xcassets */,
			);
			path = "Preview Content";
			sourceTree = "<group>";
		};
		352169D82352EE12002F42A7 /* OhTronaldTests */ = {
			isa = PBXGroup;
			children = (
				3557D9272354EE420002305F /* Mocks */,
				352169D92352EE12002F42A7 /* OhTronaldTests.swift */,
				352169DB2352EE12002F42A7 /* Info.plist */,
				3557D92C2354EF2E0002305F /* NetworkLayerTest.swift */,
			);
			path = OhTronaldTests;
			sourceTree = "<group>";
		};
		352169E32352EE12002F42A7 /* OhTronaldUITests */ = {
			isa = PBXGroup;
			children = (
				352169E42352EE12002F42A7 /* OhTronaldUITests.swift */,
				352169E62352EE12002F42A7 /* Info.plist */,
			);
			path = OhTronaldUITests;
			sourceTree = "<group>";
		};
		352169F22352F011002F42A7 /* App */ = {
			isa = PBXGroup;
			children = (
			);
			path = App;
			sourceTree = "<group>";
		};
		352169F32352F01B002F42A7 /* Models */ = {
			isa = PBXGroup;
			children = (
				352169F42352F06F002F42A7 /* ModelsStakeholder.swift */,
				35216A0123537F8E002F42A7 /* Tag.swift */,
				35216A0323537F9A002F42A7 /* Quote.swift */,
			);
			path = Models;
			sourceTree = "<group>";
		};
		352169FC23537A6F002F42A7 /* Views */ = {
			isa = PBXGroup;
			children = (
				352169FD23537A7F002F42A7 /* TagRow.swift */,
				352169FF23537EBD002F42A7 /* QuoteRow.swift */,
				35216A0923538661002F42A7 /* QuotesList.swift */,
				35216A0D23538CA8002F42A7 /* TagsList.swift */,
				3557D9232354DB150002305F /* RootView.swift */,
				3557D9252354DEB90002305F /* TagsHorizontalRow.swift */,
			);
			path = Views;
			sourceTree = "<group>";
		};
		3557D9272354EE420002305F /* Mocks */ = {
			isa = PBXGroup;
			children = (
				3557D9292354EEFA0002305F /* quotes.json */,
				3557D9282354EEFA0002305F /* tags.json */,
			);
			path = Mocks;
			sourceTree = "<group>";
		};
		3557D92E2354EF960002305F /* Services */ = {
			isa = PBXGroup;
			children = (
				3557D92F2354EFA00002305F /* Network */,
			);
			path = Services;
			sourceTree = "<group>";
		};
		3557D92F2354EFA00002305F /* Network */ = {
			isa = PBXGroup;
			children = (
				3557D9302354EFC10002305F /* NetworkManager.swift */,
				3557D9332354EFFB0002305F /* NetworkService.swift */,
				3557D9352354F01B0002305F /* ApiRequest.swift */,
				3557D9372354F0440002305F /* NetworkServiceError.swift */,
			);
			path = Network;
			sourceTree = "<group>";
		};
/* End PBXGroup section */

/* Begin PBXNativeTarget section */
		352169BE2352EE12002F42A7 /* OhTronald */ = {
			isa = PBXNativeTarget;
			buildConfigurationList = 352169E92352EE12002F42A7 /* Build configuration list for PBXNativeTarget "OhTronald" */;
			buildPhases = (
				352169BB2352EE12002F42A7 /* Sources */,
				352169BC2352EE12002F42A7 /* Frameworks */,
				352169BD2352EE12002F42A7 /* Resources */,
			);
			buildRules = (
			);
			dependencies = (
			);
			name = OhTronald;
			productName = OhTronald;
			productReference = 352169BF2352EE12002F42A7 /* OhTronald.app */;
			productType = "com.apple.product-type.application";
		};
		352169D42352EE12002F42A7 /* OhTronaldTests */ = {
			isa = PBXNativeTarget;
			buildConfigurationList = 352169EC2352EE12002F42A7 /* Build configuration list for PBXNativeTarget "OhTronaldTests" */;
			buildPhases = (
				352169D12352EE12002F42A7 /* Sources */,
				352169D22352EE12002F42A7 /* Frameworks */,
				352169D32352EE12002F42A7 /* Resources */,
			);
			buildRules = (
			);
			dependencies = (
				352169D72352EE12002F42A7 /* PBXTargetDependency */,
			);
			name = OhTronaldTests;
			productName = OhTronaldTests;
			productReference = 352169D52352EE12002F42A7 /* OhTronaldTests.xctest */;
			productType = "com.apple.product-type.bundle.unit-test";
		};
		352169DF2352EE12002F42A7 /* OhTronaldUITests */ = {
			isa = PBXNativeTarget;
			buildConfigurationList = 352169EF2352EE12002F42A7 /* Build configuration list for PBXNativeTarget "OhTronaldUITests" */;
			buildPhases = (
				352169DC2352EE12002F42A7 /* Sources */,
				352169DD2352EE12002F42A7 /* Frameworks */,
				352169DE2352EE12002F42A7 /* Resources */,
			);
			buildRules = (
			);
			dependencies = (
				352169E22352EE12002F42A7 /* PBXTargetDependency */,
			);
			name = OhTronaldUITests;
			productName = OhTronaldUITests;
			productReference = 352169E02352EE12002F42A7 /* OhTronaldUITests.xctest */;
			productType = "com.apple.product-type.bundle.ui-testing";
		};
/* End PBXNativeTarget section */

/* Begin PBXProject section */
		352169B72352EE12002F42A7 /* Project object */ = {
			isa = PBXProject;
			attributes = {
				LastSwiftUpdateCheck = 1110;
				LastUpgradeCheck = 1110;
				ORGANIZATIONNAME = none;
				TargetAttributes = {
					352169BE2352EE12002F42A7 = {
						CreatedOnToolsVersion = 11.1;
					};
					352169D42352EE12002F42A7 = {
						CreatedOnToolsVersion = 11.1;
						TestTargetID = 352169BE2352EE12002F42A7;
					};
					352169DF2352EE12002F42A7 = {
						CreatedOnToolsVersion = 11.1;
						TestTargetID = 352169BE2352EE12002F42A7;
					};
				};
			};
			buildConfigurationList = 352169BA2352EE12002F42A7 /* Build configuration list for PBXProject "OhTronald" */;
			compatibilityVersion = "Xcode 9.3";
			developmentRegion = en;
			hasScannedForEncodings = 0;
			knownRegions = (
				en,
				Base,
			);
			mainGroup = 352169B62352EE12002F42A7;
			productRefGroup = 352169C02352EE12002F42A7 /* Products */;
			projectDirPath = "";
			projectRoot = "";
			targets = (
				352169BE2352EE12002F42A7 /* OhTronald */,
				352169D42352EE12002F42A7 /* OhTronaldTests */,
				352169DF2352EE12002F42A7 /* OhTronaldUITests */,
			);
		};
/* End PBXProject section */

/* Begin PBXResourcesBuildPhase section */
		352169BD2352EE12002F42A7 /* Resources */ = {
			isa = PBXResourcesBuildPhase;
			buildActionMask = 2147483647;
			files = (
				352169CF2352EE12002F42A7 /* LaunchScreen.storyboard in Resources */,
				352169CC2352EE12002F42A7 /* Preview Assets.xcassets in Resources */,
				352169C92352EE12002F42A7 /* Assets.xcassets in Resources */,
			);
			runOnlyForDeploymentPostprocessing = 0;
		};
		352169D32352EE12002F42A7 /* Resources */ = {
			isa = PBXResourcesBuildPhase;
			buildActionMask = 2147483647;
			files = (
				3557D92B2354EEFA0002305F /* quotes.json in Resources */,
				3557D92A2354EEFA0002305F /* tags.json in Resources */,
			);
			runOnlyForDeploymentPostprocessing = 0;
		};
		352169DE2352EE12002F42A7 /* Resources */ = {
			isa = PBXResourcesBuildPhase;
			buildActionMask = 2147483647;
			files = (
			);
			runOnlyForDeploymentPostprocessing = 0;
		};
/* End PBXResourcesBuildPhase section */

/* Begin PBXSourcesBuildPhase section */
		352169BB2352EE12002F42A7 /* Sources */ = {
			isa = PBXSourcesBuildPhase;
			buildActionMask = 2147483647;
			files = (
				35216A0A23538661002F42A7 /* QuotesList.swift in Sources */,
				3557D9382354F0440002305F /* NetworkServiceError.swift in Sources */,
				352169F52352F06F002F42A7 /* ModelsStakeholder.swift in Sources */,
				352169C32352EE12002F42A7 /* AppDelegate.swift in Sources */,
				3557D9262354DEB90002305F /* TagsHorizontalRow.swift in Sources */,
				35216A0423537F9A002F42A7 /* Quote.swift in Sources */,
				3557D9242354DB150002305F /* RootView.swift in Sources */,
				352169C52352EE12002F42A7 /* SceneDelegate.swift in Sources */,
				352169C72352EE12002F42A7 /* ContentView.swift in Sources */,
				352169F723531507002F42A7 /* TestMap.swift in Sources */,
				352169F923531D10002F42A7 /* Avatar.swift in Sources */,
				3557D9342354EFFB0002305F /* NetworkService.swift in Sources */,
				35216A0E23538CA8002F42A7 /* TagsList.swift in Sources */,
				35216A0223537F8E002F42A7 /* Tag.swift in Sources */,
				3557D9312354EFC10002305F /* NetworkManager.swift in Sources */,
				352169FE23537A7F002F42A7 /* TagRow.swift in Sources */,
				35216A0023537EBD002F42A7 /* QuoteRow.swift in Sources */,
				3557D9362354F01B0002305F /* ApiRequest.swift in Sources */,
			);
			runOnlyForDeploymentPostprocessing = 0;
		};
		352169D12352EE12002F42A7 /* Sources */ = {
			isa = PBXSourcesBuildPhase;
			buildActionMask = 2147483647;
			files = (
				3557D92D2354EF2E0002305F /* NetworkLayerTest.swift in Sources */,
				352169DA2352EE12002F42A7 /* OhTronaldTests.swift in Sources */,
			);
			runOnlyForDeploymentPostprocessing = 0;
		};
		352169DC2352EE12002F42A7 /* Sources */ = {
			isa = PBXSourcesBuildPhase;
			buildActionMask = 2147483647;
			files = (
				352169E52352EE12002F42A7 /* OhTronaldUITests.swift in Sources */,
			);
			runOnlyForDeploymentPostprocessing = 0;
		};
/* End PBXSourcesBuildPhase section */

/* Begin PBXTargetDependency section */
		352169D72352EE12002F42A7 /* PBXTargetDependency */ = {
			isa = PBXTargetDependency;
			target = 352169BE2352EE12002F42A7 /* OhTronald */;
			targetProxy = 352169D62352EE12002F42A7 /* PBXContainerItemProxy */;
		};
		352169E22352EE12002F42A7 /* PBXTargetDependency */ = {
			isa = PBXTargetDependency;
			target = 352169BE2352EE12002F42A7 /* OhTronald */;
			targetProxy = 352169E12352EE12002F42A7 /* PBXContainerItemProxy */;
		};
/* End PBXTargetDependency section */

/* Begin PBXVariantGroup section */
		352169CD2352EE12002F42A7 /* LaunchScreen.storyboard */ = {
			isa = PBXVariantGroup;
			children = (
				352169CE2352EE12002F42A7 /* Base */,
			);
			name = LaunchScreen.storyboard;
			sourceTree = "<group>";
		};
/* End PBXVariantGroup section */

/* Begin XCBuildConfiguration section */
		352169E72352EE12002F42A7 /* Debug */ = {
			isa = XCBuildConfiguration;
			buildSettings = {
				ALWAYS_SEARCH_USER_PATHS = NO;
				CLANG_ANALYZER_NONNULL = YES;
				CLANG_ANALYZER_NUMBER_OBJECT_CONVERSION = YES_AGGRESSIVE;
				CLANG_CXX_LANGUAGE_STANDARD = "gnu++14";
				CLANG_CXX_LIBRARY = "libc++";
				CLANG_ENABLE_MODULES = YES;
				CLANG_ENABLE_OBJC_ARC = YES;
				CLANG_ENABLE_OBJC_WEAK = YES;
				CLANG_WARN_BLOCK_CAPTURE_AUTORELEASING = YES;
				CLANG_WARN_BOOL_CONVERSION = YES;
				CLANG_WARN_COMMA = YES;
				CLANG_WARN_CONSTANT_CONVERSION = YES;
				CLANG_WARN_DEPRECATED_OBJC_IMPLEMENTATIONS = YES;
				CLANG_WARN_DIRECT_OBJC_ISA_USAGE = YES_ERROR;
				CLANG_WARN_DOCUMENTATION_COMMENTS = YES;
				CLANG_WARN_EMPTY_BODY = YES;
				CLANG_WARN_ENUM_CONVERSION = YES;
				CLANG_WARN_INFINITE_RECURSION = YES;
				CLANG_WARN_INT_CONVERSION = YES;
				CLANG_WARN_NON_LITERAL_NULL_CONVERSION = YES;
				CLANG_WARN_OBJC_IMPLICIT_RETAIN_SELF = YES;
				CLANG_WARN_OBJC_LITERAL_CONVERSION = YES;
				CLANG_WARN_OBJC_ROOT_CLASS = YES_ERROR;
				CLANG_WARN_RANGE_LOOP_ANALYSIS = YES;
				CLANG_WARN_STRICT_PROTOTYPES = YES;
				CLANG_WARN_SUSPICIOUS_MOVE = YES;
				CLANG_WARN_UNGUARDED_AVAILABILITY = YES_AGGRESSIVE;
				CLANG_WARN_UNREACHABLE_CODE = YES;
				CLANG_WARN__DUPLICATE_METHOD_MATCH = YES;
				COPY_PHASE_STRIP = NO;
				DEBUG_INFORMATION_FORMAT = dwarf;
				ENABLE_STRICT_OBJC_MSGSEND = YES;
				ENABLE_TESTABILITY = YES;
				GCC_C_LANGUAGE_STANDARD = gnu11;
				GCC_DYNAMIC_NO_PIC = NO;
				GCC_NO_COMMON_BLOCKS = YES;
				GCC_OPTIMIZATION_LEVEL = 0;
				GCC_PREPROCESSOR_DEFINITIONS = (
					"DEBUG=1",
					"$(inherited)",
				);
				GCC_WARN_64_TO_32_BIT_CONVERSION = YES;
				GCC_WARN_ABOUT_RETURN_TYPE = YES_ERROR;
				GCC_WARN_UNDECLARED_SELECTOR = YES;
				GCC_WARN_UNINITIALIZED_AUTOS = YES_AGGRESSIVE;
				GCC_WARN_UNUSED_FUNCTION = YES;
				GCC_WARN_UNUSED_VARIABLE = YES;
				IPHONEOS_DEPLOYMENT_TARGET = 13.1;
				MTL_ENABLE_DEBUG_INFO = INCLUDE_SOURCE;
				MTL_FAST_MATH = YES;
				ONLY_ACTIVE_ARCH = YES;
				SDKROOT = iphoneos;
				SWIFT_ACTIVE_COMPILATION_CONDITIONS = DEBUG;
				SWIFT_OPTIMIZATION_LEVEL = "-Onone";
			};
			name = Debug;
		};
		352169E82352EE12002F42A7 /* Release */ = {
			isa = XCBuildConfiguration;
			buildSettings = {
				ALWAYS_SEARCH_USER_PATHS = NO;
				CLANG_ANALYZER_NONNULL = YES;
				CLANG_ANALYZER_NUMBER_OBJECT_CONVERSION = YES_AGGRESSIVE;
				CLANG_CXX_LANGUAGE_STANDARD = "gnu++14";
				CLANG_CXX_LIBRARY = "libc++";
				CLANG_ENABLE_MODULES = YES;
				CLANG_ENABLE_OBJC_ARC = YES;
				CLANG_ENABLE_OBJC_WEAK = YES;
				CLANG_WARN_BLOCK_CAPTURE_AUTORELEASING = YES;
				CLANG_WARN_BOOL_CONVERSION = YES;
				CLANG_WARN_COMMA = YES;
				CLANG_WARN_CONSTANT_CONVERSION = YES;
				CLANG_WARN_DEPRECATED_OBJC_IMPLEMENTATIONS = YES;
				CLANG_WARN_DIRECT_OBJC_ISA_USAGE = YES_ERROR;
				CLANG_WARN_DOCUMENTATION_COMMENTS = YES;
				CLANG_WARN_EMPTY_BODY = YES;
				CLANG_WARN_ENUM_CONVERSION = YES;
				CLANG_WARN_INFINITE_RECURSION = YES;
				CLANG_WARN_INT_CONVERSION = YES;
				CLANG_WARN_NON_LITERAL_NULL_CONVERSION = YES;
				CLANG_WARN_OBJC_IMPLICIT_RETAIN_SELF = YES;
				CLANG_WARN_OBJC_LITERAL_CONVERSION = YES;
				CLANG_WARN_OBJC_ROOT_CLASS = YES_ERROR;
				CLANG_WARN_RANGE_LOOP_ANALYSIS = YES;
				CLANG_WARN_STRICT_PROTOTYPES = YES;
				CLANG_WARN_SUSPICIOUS_MOVE = YES;
				CLANG_WARN_UNGUARDED_AVAILABILITY = YES_AGGRESSIVE;
				CLANG_WARN_UNREACHABLE_CODE = YES;
				CLANG_WARN__DUPLICATE_METHOD_MATCH = YES;
				COPY_PHASE_STRIP = NO;
				DEBUG_INFORMATION_FORMAT = "dwarf-with-dsym";
				ENABLE_NS_ASSERTIONS = NO;
				ENABLE_STRICT_OBJC_MSGSEND = YES;
				GCC_C_LANGUAGE_STANDARD = gnu11;
				GCC_NO_COMMON_BLOCKS = YES;
				GCC_WARN_64_TO_32_BIT_CONVERSION = YES;
				GCC_WARN_ABOUT_RETURN_TYPE = YES_ERROR;
				GCC_WARN_UNDECLARED_SELECTOR = YES;
				GCC_WARN_UNINITIALIZED_AUTOS = YES_AGGRESSIVE;
				GCC_WARN_UNUSED_FUNCTION = YES;
				GCC_WARN_UNUSED_VARIABLE = YES;
				IPHONEOS_DEPLOYMENT_TARGET = 13.1;
				MTL_ENABLE_DEBUG_INFO = NO;
				MTL_FAST_MATH = YES;
				SDKROOT = iphoneos;
				SWIFT_COMPILATION_MODE = wholemodule;
				SWIFT_OPTIMIZATION_LEVEL = "-O";
				VALIDATE_PRODUCT = YES;
			};
			name = Release;
		};
		352169EA2352EE12002F42A7 /* Debug */ = {
			isa = XCBuildConfiguration;
			buildSettings = {
				ASSETCATALOG_COMPILER_APPICON_NAME = AppIcon;
				CODE_SIGN_STYLE = Automatic;
				DEVELOPMENT_ASSET_PATHS = "\"OhTronald/Preview Content\"";
				DEVELOPMENT_TEAM = 23DXEZL7HL;
				ENABLE_PREVIEWS = YES;
				INFOPLIST_FILE = OhTronald/Info.plist;
				LD_RUNPATH_SEARCH_PATHS = (
					"$(inherited)",
					"@executable_path/Frameworks",
				);
				PRODUCT_BUNDLE_IDENTIFIER = Ivn.OhTronald;
				PRODUCT_NAME = "$(TARGET_NAME)";
				SWIFT_VERSION = 5.0;
				TARGETED_DEVICE_FAMILY = "1,2";
			};
			name = Debug;
		};
		352169EB2352EE12002F42A7 /* Release */ = {
			isa = XCBuildConfiguration;
			buildSettings = {
				ASSETCATALOG_COMPILER_APPICON_NAME = AppIcon;
				CODE_SIGN_STYLE = Automatic;
				DEVELOPMENT_ASSET_PATHS = "\"OhTronald/Preview Content\"";
				DEVELOPMENT_TEAM = 23DXEZL7HL;
				ENABLE_PREVIEWS = YES;
				INFOPLIST_FILE = OhTronald/Info.plist;
				LD_RUNPATH_SEARCH_PATHS = (
					"$(inherited)",
					"@executable_path/Frameworks",
				);
				PRODUCT_BUNDLE_IDENTIFIER = Ivn.OhTronald;
				PRODUCT_NAME = "$(TARGET_NAME)";
				SWIFT_VERSION = 5.0;
				TARGETED_DEVICE_FAMILY = "1,2";
			};
			name = Release;
		};
		352169ED2352EE12002F42A7 /* Debug */ = {
			isa = XCBuildConfiguration;
			buildSettings = {
				ALWAYS_EMBED_SWIFT_STANDARD_LIBRARIES = YES;
				BUNDLE_LOADER = "$(TEST_HOST)";
				CODE_SIGN_STYLE = Automatic;
				DEVELOPMENT_TEAM = 23DXEZL7HL;
				INFOPLIST_FILE = OhTronaldTests/Info.plist;
				IPHONEOS_DEPLOYMENT_TARGET = 13.1;
				LD_RUNPATH_SEARCH_PATHS = (
					"$(inherited)",
					"@executable_path/Frameworks",
					"@loader_path/Frameworks",
				);
				PRODUCT_BUNDLE_IDENTIFIER = Ivn.OhTronaldTests;
				PRODUCT_NAME = "$(TARGET_NAME)";
				SWIFT_VERSION = 5.0;
				TARGETED_DEVICE_FAMILY = "1,2";
				TEST_HOST = "$(BUILT_PRODUCTS_DIR)/OhTronald.app/OhTronald";
			};
			name = Debug;
		};
		352169EE2352EE12002F42A7 /* Release */ = {
			isa = XCBuildConfiguration;
			buildSettings = {
				ALWAYS_EMBED_SWIFT_STANDARD_LIBRARIES = YES;
				BUNDLE_LOADER = "$(TEST_HOST)";
				CODE_SIGN_STYLE = Automatic;
				DEVELOPMENT_TEAM = 23DXEZL7HL;
				INFOPLIST_FILE = OhTronaldTests/Info.plist;
				IPHONEOS_DEPLOYMENT_TARGET = 13.1;
				LD_RUNPATH_SEARCH_PATHS = (
					"$(inherited)",
					"@executable_path/Frameworks",
					"@loader_path/Frameworks",
				);
				PRODUCT_BUNDLE_IDENTIFIER = Ivn.OhTronaldTests;
				PRODUCT_NAME = "$(TARGET_NAME)";
				SWIFT_VERSION = 5.0;
				TARGETED_DEVICE_FAMILY = "1,2";
				TEST_HOST = "$(BUILT_PRODUCTS_DIR)/OhTronald.app/OhTronald";
			};
			name = Release;
		};
		352169F02352EE12002F42A7 /* Debug */ = {
			isa = XCBuildConfiguration;
			buildSettings = {
				ALWAYS_EMBED_SWIFT_STANDARD_LIBRARIES = YES;
				CODE_SIGN_STYLE = Automatic;
				DEVELOPMENT_TEAM = 23DXEZL7HL;
				INFOPLIST_FILE = OhTronaldUITests/Info.plist;
				LD_RUNPATH_SEARCH_PATHS = (
					"$(inherited)",
					"@executable_path/Frameworks",
					"@loader_path/Frameworks",
				);
				PRODUCT_BUNDLE_IDENTIFIER = Ivn.OhTronaldUITests;
				PRODUCT_NAME = "$(TARGET_NAME)";
				SWIFT_VERSION = 5.0;
				TARGETED_DEVICE_FAMILY = "1,2";
				TEST_TARGET_NAME = OhTronald;
			};
			name = Debug;
		};
		352169F12352EE12002F42A7 /* Release */ = {
			isa = XCBuildConfiguration;
			buildSettings = {
				ALWAYS_EMBED_SWIFT_STANDARD_LIBRARIES = YES;
				CODE_SIGN_STYLE = Automatic;
				DEVELOPMENT_TEAM = 23DXEZL7HL;
				INFOPLIST_FILE = OhTronaldUITests/Info.plist;
				LD_RUNPATH_SEARCH_PATHS = (
					"$(inherited)",
					"@executable_path/Frameworks",
					"@loader_path/Frameworks",
				);
				PRODUCT_BUNDLE_IDENTIFIER = Ivn.OhTronaldUITests;
				PRODUCT_NAME = "$(TARGET_NAME)";
				SWIFT_VERSION = 5.0;
				TARGETED_DEVICE_FAMILY = "1,2";
				TEST_TARGET_NAME = OhTronald;
			};
			name = Release;
		};
/* End XCBuildConfiguration section */

/* Begin XCConfigurationList section */
		352169BA2352EE12002F42A7 /* Build configuration list for PBXProject "OhTronald" */ = {
			isa = XCConfigurationList;
			buildConfigurations = (
				352169E72352EE12002F42A7 /* Debug */,
				352169E82352EE12002F42A7 /* Release */,
			);
			defaultConfigurationIsVisible = 0;
			defaultConfigurationName = Release;
		};
		352169E92352EE12002F42A7 /* Build configuration list for PBXNativeTarget "OhTronald" */ = {
			isa = XCConfigurationList;
			buildConfigurations = (
				352169EA2352EE12002F42A7 /* Debug */,
				352169EB2352EE12002F42A7 /* Release */,
			);
			defaultConfigurationIsVisible = 0;
			defaultConfigurationName = Release;
		};
		352169EC2352EE12002F42A7 /* Build configuration list for PBXNativeTarget "OhTronaldTests" */ = {
			isa = XCConfigurationList;
			buildConfigurations = (
				352169ED2352EE12002F42A7 /* Debug */,
				352169EE2352EE12002F42A7 /* Release */,
			);
			defaultConfigurationIsVisible = 0;
			defaultConfigurationName = Release;
		};
		352169EF2352EE12002F42A7 /* Build configuration list for PBXNativeTarget "OhTronaldUITests" */ = {
			isa = XCConfigurationList;
			buildConfigurations = (
				352169F02352EE12002F42A7 /* Debug */,
				352169F12352EE12002F42A7 /* Release */,
			);
			defaultConfigurationIsVisible = 0;
			defaultConfigurationName = Release;
		};
/* End XCConfigurationList section */
	};
	rootObject = 352169B72352EE12002F42A7 /* Project object */;
}
